
Microsoft Visual Studio Solution File, Format Version 12.00
# Visual Studio Version 17
VisualStudioVersion = 17.12.35527.113
MinimumVisualStudioVersion = 10.0.40219.1
Project("{FAE04EC0-301F-11D3-BF4B-00C04F79EFBC}") = "Domain", "TodoCleanArchitecture.Domain\Domain.csproj", "{7E58471A-E373-4BE0-8261-566A4DEB0FFB}"
EndProject
Project("{FAE04EC0-301F-11D3-BF4B-00C04F79EFBC}") = "Infrastructure", "TodoCleanArchitecture.Infrastructure\Infrastructure.csproj", "{C1F2C95A-5893-4F72-BD05-967C907A6A33}"
EndProject
Project("{FAE04EC0-301F-11D3-BF4B-00C04F79EFBC}") = "Application", "TodoCleanArchitecture.Application\Application.csproj", "{1B875FE6-ADCA-44F1-A588-6158B0E04C8D}"
EndProject
Project("{FAE04EC0-301F-11D3-BF4B-00C04F79EFBC}") = "Persistance", "ProjectTracker.Persistance\Persistance.csproj", "{7F5DD242-0F0A-4880-8923-A5D52FF19482}"
EndProject
Project("{2150E333-8FDC-42A3-9474-1A3956D46DE8}") = "core", "core", "{1549E059-7A8B-46BD-B3A4-BC71FB1F27D5}"
EndProject
Project("{2150E333-8FDC-42A3-9474-1A3956D46DE8}") = "Infrastructure", "Infrastructure", "{74BC4586-16CF-4AC5-90EA-2A758D5734A6}"
EndProject
Project("{2150E333-8FDC-42A3-9474-1A3956D46DE8}") = "Persistance", "Persistance", "{F24E9D60-C420-45D4-A3FE-63875EDF9465}"
EndProject
Project("{2150E333-8FDC-42A3-9474-1A3956D46DE8}") = "Application", "Application", "{4A976D49-F51F-4C93-87A0-60D30B83EFDB}"
EndProject
Project("{2150E333-8FDC-42A3-9474-1A3956D46DE8}") = "Domain", "Domain", "{5970ACCA-0905-4B08-A6D6-78F8E0606365}"
EndProject
Project("{2150E333-8FDC-42A3-9474-1A3956D46DE8}") = "Solution Items", "Solution Items", "{01FB7168-A2E1-46CD-ACCB-2ADB174979FD}"
EndProject
Global
	GlobalSection(SolutionConfigurationPlatforms) = preSolution
		Debug|Any CPU = Debug|Any CPU
		Release|Any CPU = Release|Any CPU
	EndGlobalSection
	GlobalSection(ProjectConfigurationPlatforms) = postSolution
		{7E58471A-E373-4BE0-8261-566A4DEB0FFB}.Debug|Any CPU.ActiveCfg = Debug|Any CPU
		{7E58471A-E373-4BE0-8261-566A4DEB0FFB}.Debug|Any CPU.Build.0 = Debug|Any CPU
		{7E58471A-E373-4BE0-8261-566A4DEB0FFB}.Release|Any CPU.ActiveCfg = Release|Any CPU
		{7E58471A-E373-4BE0-8261-566A4DEB0FFB}.Release|Any CPU.Build.0 = Release|Any CPU
		{C1F2C95A-5893-4F72-BD05-967C907A6A33}.Debug|Any CPU.ActiveCfg = Debug|Any CPU
		{C1F2C95A-5893-4F72-BD05-967C907A6A33}.Debug|Any CPU.Build.0 = Debug|Any CPU
		{C1F2C95A-5893-4F72-BD05-967C907A6A33}.Release|Any CPU.ActiveCfg = Release|Any CPU
		{C1F2C95A-5893-4F72-BD05-967C907A6A33}.Release|Any CPU.Build.0 = Release|Any CPU
		{1B875FE6-ADCA-44F1-A588-6158B0E04C8D}.Debug|Any CPU.ActiveCfg = Debug|Any CPU
		{1B875FE6-ADCA-44F1-A588-6158B0E04C8D}.Debug|Any CPU.Build.0 = Debug|Any CPU
		{1B875FE6-ADCA-44F1-A588-6158B0E04C8D}.Release|Any CPU.ActiveCfg = Release|Any CPU
		{1B875FE6-ADCA-44F1-A588-6158B0E04C8D}.Release|Any CPU.Build.0 = Release|Any CPU
		{7F5DD242-0F0A-4880-8923-A5D52FF19482}.Debug|Any CPU.ActiveCfg = Debug|Any CPU
		{7F5DD242-0F0A-4880-8923-A5D52FF19482}.Debug|Any CPU.Build.0 = Debug|Any CPU
		{7F5DD242-0F0A-4880-8923-A5D52FF19482}.Release|Any CPU.ActiveCfg = Release|Any CPU
		{7F5DD242-0F0A-4880-8923-A5D52FF19482}.Release|Any CPU.Build.0 = Release|Any CPU
	EndGlobalSection
	GlobalSection(SolutionProperties) = preSolution
		HideSolutionNode = FALSE
	EndGlobalSection
	GlobalSection(NestedProjects) = preSolution
		{7E58471A-E373-4BE0-8261-566A4DEB0FFB} = {5970ACCA-0905-4B08-A6D6-78F8E0606365}
		{C1F2C95A-5893-4F72-BD05-967C907A6A33} = {74BC4586-16CF-4AC5-90EA-2A758D5734A6}
		{1B875FE6-ADCA-44F1-A588-6158B0E04C8D} = {4A976D49-F51F-4C93-87A0-60D30B83EFDB}
		{7F5DD242-0F0A-4880-8923-A5D52FF19482} = {F24E9D60-C420-45D4-A3FE-63875EDF9465}
		{4A976D49-F51F-4C93-87A0-60D30B83EFDB} = {1549E059-7A8B-46BD-B3A4-BC71FB1F27D5}
		{5970ACCA-0905-4B08-A6D6-78F8E0606365} = {1549E059-7A8B-46BD-B3A4-BC71FB1F27D5}
	EndGlobalSection
EndGlobal
